
Microsoft Visual Studio Solution File, Format Version 12.00
# Visual Studio 15
VisualStudioVersion = 15.0.27428.2015
MinimumVisualStudioVersion = 10.0.40219.1
Project("{FAE04EC0-301F-11D3-BF4B-00C04F79EFBC}") = "Unosquare.PiGpio", "Unosquare.PiGpio\Unosquare.PiGpio.csproj", "{05AC800C-3ED7-4C6E-83EB-32472D88B3E3}"
EndProject
Project("{2150E333-8FDC-42A3-9474-1A3956D46DE8}") = "Support", "Support", "{98778E74-B179-472B-B74D-AB306274437F}"
	ProjectSection(SolutionItems) = preProject
		.gitignore = .gitignore
		LICENSE = LICENSE
	EndProjectSection
EndProject
Global
	GlobalSection(SolutionConfigurationPlatforms) = preSolution
		Debug|Any CPU = Debug|Any CPU
		Release|Any CPU = Release|Any CPU
	EndGlobalSection
	GlobalSection(ProjectConfigurationPlatforms) = postSolution
		{05AC800C-3ED7-4C6E-83EB-32472D88B3E3}.Debug|Any CPU.ActiveCfg = Debug|Any CPU
		{05AC800C-3ED7-4C6E-83EB-32472D88B3E3}.Debug|Any CPU.Build.0 = Debug|Any CPU
		{05AC800C-3ED7-4C6E-83EB-32472D88B3E3}.Release|Any CPU.ActiveCfg = Release|Any CPU
		{05AC800C-3ED7-4C6E-83EB-32472D88B3E3}.Release|Any CPU.Build.0 = Release|Any CPU
	EndGlobalSection
	GlobalSection(SolutionProperties) = preSolution
		HideSolutionNode = FALSE
	EndGlobalSection
	GlobalSection(ExtensibilityGlobals) = postSolution
		SolutionGuid = {458E4143-9DD7-4F40-BC2A-9AA4AA144E86}
	EndGlobalSection
EndGlobal
