
Microsoft Visual Studio Solution File, Format Version 12.00
# Visual Studio 15
VisualStudioVersion = 15.0.27428.2015
MinimumVisualStudioVersion = 10.0.40219.1
Project("{2150E333-8FDC-42A3-9474-1A3956D46DE8}") = "Support", "Support", "{98778E74-B179-472B-B74D-AB306274437F}"
	ProjectSection(SolutionItems) = preProject
		.gitignore = .gitignore
		Support\libpigpio.so = Support\libpigpio.so
		LICENSE = LICENSE
		Support\pigpio-dotnet-256.png = Support\pigpio-dotnet-256.png
		Support\pigpio-dotnet.png = Support\pigpio-dotnet.png
		Support\pigpio.c = Support\pigpio.c
		Support\pigpio.h = Support\pigpio.h
		README.md = README.md
		StyleCop.Analyzers.ruleset = StyleCop.Analyzers.ruleset
	EndProjectSection
EndProject
Project("{9A19103F-16F7-4668-BE54-9A1E7A4F7556}") = "Unosquare.PiGpio", "Unosquare.PiGpio\Unosquare.PiGpio.csproj", "{73E89A82-F351-4CAE-8AA4-A038DCD2D733}"
EndProject
Project("{9A19103F-16F7-4668-BE54-9A1E7A4F7556}") = "Unosquare.PiGpio.Workbench", "Unosquare.PiGpio.Workbench\Unosquare.PiGpio.Workbench.csproj", "{58482F68-38E4-41FE-B234-257E548CDC66}"
EndProject
Global
	GlobalSection(SolutionConfigurationPlatforms) = preSolution
		Debug|Any CPU = Debug|Any CPU
		Release|Any CPU = Release|Any CPU
	EndGlobalSection
	GlobalSection(ProjectConfigurationPlatforms) = postSolution
		{73E89A82-F351-4CAE-8AA4-A038DCD2D733}.Debug|Any CPU.ActiveCfg = Debug|Any CPU
		{73E89A82-F351-4CAE-8AA4-A038DCD2D733}.Debug|Any CPU.Build.0 = Debug|Any CPU
		{73E89A82-F351-4CAE-8AA4-A038DCD2D733}.Release|Any CPU.ActiveCfg = Release|Any CPU
		{73E89A82-F351-4CAE-8AA4-A038DCD2D733}.Release|Any CPU.Build.0 = Release|Any CPU
		{58482F68-38E4-41FE-B234-257E548CDC66}.Debug|Any CPU.ActiveCfg = Debug|Any CPU
		{58482F68-38E4-41FE-B234-257E548CDC66}.Debug|Any CPU.Build.0 = Debug|Any CPU
		{58482F68-38E4-41FE-B234-257E548CDC66}.Release|Any CPU.ActiveCfg = Release|Any CPU
		{58482F68-38E4-41FE-B234-257E548CDC66}.Release|Any CPU.Build.0 = Release|Any CPU
	EndGlobalSection
	GlobalSection(SolutionProperties) = preSolution
		HideSolutionNode = FALSE
	EndGlobalSection
	GlobalSection(ExtensibilityGlobals) = postSolution
		SolutionGuid = {458E4143-9DD7-4F40-BC2A-9AA4AA144E86}
	EndGlobalSection
EndGlobal
